
Microsoft Visual Studio Solution File, Format Version 12.00
# Visual Studio Version 17
VisualStudioVersion = 17.6.33829.357
MinimumVisualStudioVersion = 10.0.40219.1
Project("{FAE04EC0-301F-11D3-BF4B-00C04F79EFBC}") = "ProxyAndFlyweight", "ProxyAndFlyweight\ProxyAndFlyweight.csproj", "{38EA6ECB-F6DE-4363-ABC8-C369E052C73B}"
EndProject
Global
	GlobalSection(SolutionConfigurationPlatforms) = preSolution
		Debug|Any CPU = Debug|Any CPU
		Release|Any CPU = Release|Any CPU
	EndGlobalSection
	GlobalSection(ProjectConfigurationPlatforms) = postSolution
		{38EA6ECB-F6DE-4363-ABC8-C369E052C73B}.Debug|Any CPU.ActiveCfg = Debug|Any CPU
		{38EA6ECB-F6DE-4363-ABC8-C369E052C73B}.Debug|Any CPU.Build.0 = Debug|Any CPU
		{38EA6ECB-F6DE-4363-ABC8-C369E052C73B}.Release|Any CPU.ActiveCfg = Release|Any CPU
		{38EA6ECB-F6DE-4363-ABC8-C369E052C73B}.Release|Any CPU.Build.0 = Release|Any CPU
	EndGlobalSection
	GlobalSection(SolutionProperties) = preSolution
		HideSolutionNode = FALSE
	EndGlobalSection
	GlobalSection(ExtensibilityGlobals) = postSolution
		SolutionGuid = {F5C601BD-E2F0-441B-B49D-5950B6CA9A98}
	EndGlobalSection
EndGlobal
